# This file is automatically @generated by Poetry 1.7.1 and should not be changed by hand.

[[package]]
name = "black"
version = "24.1.0"
description = "The uncompromising code formatter."
optional = false
python-versions = ">=3.8"
files = [
    {file = "black-24.1.0-cp310-cp310-macosx_10_9_x86_64.whl", hash = "sha256:94d5280d020dadfafc75d7cae899609ed38653d3f5e82e7ce58f75e76387ed3d"},
    {file = "black-24.1.0-cp310-cp310-macosx_11_0_arm64.whl", hash = "sha256:aaf9aa85aaaa466bf969e7dd259547f4481b712fe7ee14befeecc152c403ee05"},
    {file = "black-24.1.0-cp310-cp310-manylinux_2_17_x86_64.manylinux2014_x86_64.whl", hash = "sha256:ec489cae76eac3f7573629955573c3a0e913641cafb9e3bfc87d8ce155ebdb29"},
    {file = "black-24.1.0-cp310-cp310-win_amd64.whl", hash = "sha256:a5a0100b4bdb3744dd68412c3789f472d822dc058bb3857743342f8d7f93a5a7"},
    {file = "black-24.1.0-cp311-cp311-macosx_10_9_x86_64.whl", hash = "sha256:6cc5a6ba3e671cfea95a40030b16a98ee7dc2e22b6427a6f3389567ecf1b5262"},
    {file = "black-24.1.0-cp311-cp311-macosx_11_0_arm64.whl", hash = "sha256:e0e367759062dcabcd9a426d12450c6d61faf1704a352a49055a04c9f9ce8f5a"},
    {file = "black-24.1.0-cp311-cp311-manylinux_2_17_x86_64.manylinux2014_x86_64.whl", hash = "sha256:be305563ff4a2dea813f699daaffac60b977935f3264f66922b1936a5e492ee4"},
    {file = "black-24.1.0-cp311-cp311-win_amd64.whl", hash = "sha256:6a8977774929b5db90442729f131221e58cc5d8208023c6af9110f26f75b6b20"},
    {file = "black-24.1.0-cp312-cp312-macosx_10_9_x86_64.whl", hash = "sha256:d74d4d0da276fbe3b95aa1f404182562c28a04402e4ece60cf373d0b902f33a0"},
    {file = "black-24.1.0-cp312-cp312-macosx_11_0_arm64.whl", hash = "sha256:39addf23f7070dbc0b5518cdb2018468ac249d7412a669b50ccca18427dba1f3"},
    {file = "black-24.1.0-cp312-cp312-manylinux_2_17_x86_64.manylinux2014_x86_64.whl", hash = "sha256:827a7c0da520dd2f8e6d7d3595f4591aa62ccccce95b16c0e94bb4066374c4c2"},
    {file = "black-24.1.0-cp312-cp312-win_amd64.whl", hash = "sha256:0cd59d01bf3306ff7e3076dd7f4435fcd2fafe5506a6111cae1138fc7de52382"},
    {file = "black-24.1.0-cp38-cp38-macosx_10_9_x86_64.whl", hash = "sha256:bf8dd261ee82df1abfb591f97e174345ab7375a55019cc93ad38993b9ff5c6ad"},
    {file = "black-24.1.0-cp38-cp38-macosx_11_0_arm64.whl", hash = "sha256:82d9452aeabd51d1c8f0d52d4d18e82b9f010ecb30fd55867b5ff95904f427ff"},
    {file = "black-24.1.0-cp38-cp38-manylinux_2_17_x86_64.manylinux2014_x86_64.whl", hash = "sha256:9aede09f72b2a466e673ee9fca96e4bccc36f463cac28a35ce741f0fd13aea8b"},
    {file = "black-24.1.0-cp38-cp38-win_amd64.whl", hash = "sha256:780f13d03066a7daf1707ec723fdb36bd698ffa29d95a2e7ef33a8dd8fe43b5c"},
    {file = "black-24.1.0-cp39-cp39-macosx_10_9_x86_64.whl", hash = "sha256:a15670c650668399c4b5eae32e222728185961d6ef6b568f62c1681d57b381ba"},
    {file = "black-24.1.0-cp39-cp39-macosx_11_0_arm64.whl", hash = "sha256:1e0fa70b8464055069864a4733901b31cbdbe1273f63a24d2fa9d726723d45ac"},
    {file = "black-24.1.0-cp39-cp39-manylinux_2_17_x86_64.manylinux2014_x86_64.whl", hash = "sha256:7fa8d9aaa22d846f8c0f7f07391148e5e346562e9b215794f9101a8339d8b6d8"},
    {file = "black-24.1.0-cp39-cp39-win_amd64.whl", hash = "sha256:f0dfbfbacfbf9cd1fac7a5ddd3e72510ffa93e841a69fcf4a6358feab1685382"},
    {file = "black-24.1.0-py3-none-any.whl", hash = "sha256:5134a6f6b683aa0a5592e3fd61dd3519d8acd953d93e2b8b76f9981245b65594"},
    {file = "black-24.1.0.tar.gz", hash = "sha256:30fbf768cd4f4576598b1db0202413fafea9a227ef808d1a12230c643cefe9fc"},
]

[package.dependencies]
click = ">=8.0.0"
mypy-extensions = ">=0.4.3"
packaging = ">=22.0"
pathspec = ">=0.9.0"
platformdirs = ">=2"

[package.extras]
colorama = ["colorama (>=0.4.3)"]
d = ["aiohttp (>=3.7.4)", "aiohttp (>=3.7.4,!=3.9.0)"]
jupyter = ["ipython (>=7.8.0)", "tokenize-rt (>=3.2.0)"]
uvloop = ["uvloop (>=0.15.2)"]

[[package]]
name = "cfgv"
version = "3.3.1"
description = "Validate configuration and produce human readable error messages."
optional = false
python-versions = ">=3.6.1"
files = [
    {file = "cfgv-3.3.1-py2.py3-none-any.whl", hash = "sha256:c6a0883f3917a037485059700b9e75da2464e6c27051014ad85ba6aaa5884426"},
    {file = "cfgv-3.3.1.tar.gz", hash = "sha256:f5a830efb9ce7a445376bb66ec94c638a9787422f96264c98edc6bdeed8ab736"},
]

[[package]]
name = "click"
version = "8.1.3"
description = "Composable command line interface toolkit"
optional = false
python-versions = ">=3.7"
files = [
    {file = "click-8.1.3-py3-none-any.whl", hash = "sha256:bb4d8133cb15a609f44e8213d9b391b0809795062913b383c62be0ee95b1db48"},
    {file = "click-8.1.3.tar.gz", hash = "sha256:7682dc8afb30297001674575ea00d1814d808d6a36af415a82bd481d37ba7b8e"},
]

[package.dependencies]
colorama = {version = "*", markers = "platform_system == \"Windows\""}

[[package]]
name = "colorama"
version = "0.4.6"
description = "Cross-platform colored terminal text."
optional = false
python-versions = "!=3.0.*,!=3.1.*,!=3.2.*,!=3.3.*,!=3.4.*,!=3.5.*,!=3.6.*,>=2.7"
files = [
    {file = "colorama-0.4.6-py2.py3-none-any.whl", hash = "sha256:4f1d9991f5acc0ca119f9d443620b77f9d6b33703e51011c16baf57afb285fc6"},
    {file = "colorama-0.4.6.tar.gz", hash = "sha256:08695f5cb7ed6e0531a20572697297273c47b8cae5a63ffc6d6ed5c201be6e44"},
]

[[package]]
name = "distlib"
version = "0.3.6"
description = "Distribution utilities"
optional = false
python-versions = "*"
files = [
    {file = "distlib-0.3.6-py2.py3-none-any.whl", hash = "sha256:f35c4b692542ca110de7ef0bea44d73981caeb34ca0b9b6b2e6d7790dda8f80e"},
    {file = "distlib-0.3.6.tar.gz", hash = "sha256:14bad2d9b04d3a36127ac97f30b12a19268f211063d8f8ee4f47108896e11b46"},
]

[[package]]
name = "filelock"
version = "3.12.2"
description = "A platform independent file lock."
optional = false
python-versions = ">=3.7"
files = [
    {file = "filelock-3.12.2-py3-none-any.whl", hash = "sha256:cbb791cdea2a72f23da6ac5b5269ab0a0d161e9ef0100e653b69049a7706d1ec"},
    {file = "filelock-3.12.2.tar.gz", hash = "sha256:002740518d8aa59a26b0c76e10fb8c6e15eae825d34b6fdf670333fd7b938d81"},
]

[package.extras]
docs = ["furo (>=2023.5.20)", "sphinx (>=7.0.1)", "sphinx-autodoc-typehints (>=1.23,!=1.23.4)"]
testing = ["covdefaults (>=2.3)", "coverage (>=7.2.7)", "diff-cover (>=7.5)", "pytest (>=7.3.1)", "pytest-cov (>=4.1)", "pytest-mock (>=3.10)", "pytest-timeout (>=2.1)"]

[[package]]
name = "identify"
version = "2.5.24"
description = "File identification library for Python"
optional = false
python-versions = ">=3.7"
files = [
    {file = "identify-2.5.24-py2.py3-none-any.whl", hash = "sha256:986dbfb38b1140e763e413e6feb44cd731faf72d1909543178aa79b0e258265d"},
    {file = "identify-2.5.24.tar.gz", hash = "sha256:0aac67d5b4812498056d28a9a512a483f5085cc28640b02b258a59dac34301d4"},
]

[package.extras]
license = ["ukkonen"]

[[package]]
name = "iniconfig"
version = "2.0.0"
description = "brain-dead simple config-ini parsing"
optional = false
python-versions = ">=3.7"
files = [
    {file = "iniconfig-2.0.0-py3-none-any.whl", hash = "sha256:b6a85871a79d2e3b22d2d1b94ac2824226a63c6b741c88f7ae975f18b6778374"},
    {file = "iniconfig-2.0.0.tar.gz", hash = "sha256:2d91e135bf72d31a410b17c16da610a82cb55f6b0477d1a902134b24a455b8b3"},
]

[[package]]
name = "isort"
version = "5.13.2"
description = "A Python utility / library to sort Python imports."
optional = false
python-versions = ">=3.8.0"
files = [
    {file = "isort-5.13.2-py3-none-any.whl", hash = "sha256:8ca5e72a8d85860d5a3fa69b8745237f2939afe12dbf656afbcb47fe72d947a6"},
    {file = "isort-5.13.2.tar.gz", hash = "sha256:48fdfcb9face5d58a4f6dde2e72a1fb8dcaf8ab26f95ab49fab84c2ddefb0109"},
]

[package.extras]
colors = ["colorama (>=0.4.6)"]

[[package]]
name = "mypy"
version = "1.8.0"
description = "Optional static typing for Python"
optional = false
python-versions = ">=3.8"
files = [
    {file = "mypy-1.8.0-cp310-cp310-macosx_10_9_x86_64.whl", hash = "sha256:485a8942f671120f76afffff70f259e1cd0f0cfe08f81c05d8816d958d4577d3"},
    {file = "mypy-1.8.0-cp310-cp310-macosx_11_0_arm64.whl", hash = "sha256:df9824ac11deaf007443e7ed2a4a26bebff98d2bc43c6da21b2b64185da011c4"},
    {file = "mypy-1.8.0-cp310-cp310-manylinux_2_17_x86_64.manylinux2014_x86_64.whl", hash = "sha256:2afecd6354bbfb6e0160f4e4ad9ba6e4e003b767dd80d85516e71f2e955ab50d"},
    {file = "mypy-1.8.0-cp310-cp310-musllinux_1_1_x86_64.whl", hash = "sha256:8963b83d53ee733a6e4196954502b33567ad07dfd74851f32be18eb932fb1cb9"},
    {file = "mypy-1.8.0-cp310-cp310-win_amd64.whl", hash = "sha256:e46f44b54ebddbeedbd3d5b289a893219065ef805d95094d16a0af6630f5d410"},
    {file = "mypy-1.8.0-cp311-cp311-macosx_10_9_x86_64.whl", hash = "sha256:855fe27b80375e5c5878492f0729540db47b186509c98dae341254c8f45f42ae"},
    {file = "mypy-1.8.0-cp311-cp311-macosx_11_0_arm64.whl", hash = "sha256:4c886c6cce2d070bd7df4ec4a05a13ee20c0aa60cb587e8d1265b6c03cf91da3"},
    {file = "mypy-1.8.0-cp311-cp311-manylinux_2_17_x86_64.manylinux2014_x86_64.whl", hash = "sha256:d19c413b3c07cbecf1f991e2221746b0d2a9410b59cb3f4fb9557f0365a1a817"},
    {file = "mypy-1.8.0-cp311-cp311-musllinux_1_1_x86_64.whl", hash = "sha256:9261ed810972061388918c83c3f5cd46079d875026ba97380f3e3978a72f503d"},
    {file = "mypy-1.8.0-cp311-cp311-win_amd64.whl", hash = "sha256:51720c776d148bad2372ca21ca29256ed483aa9a4cdefefcef49006dff2a6835"},
    {file = "mypy-1.8.0-cp312-cp312-macosx_10_9_x86_64.whl", hash = "sha256:52825b01f5c4c1c4eb0db253ec09c7aa17e1a7304d247c48b6f3599ef40db8bd"},
    {file = "mypy-1.8.0-cp312-cp312-macosx_11_0_arm64.whl", hash = "sha256:f5ac9a4eeb1ec0f1ccdc6f326bcdb464de5f80eb07fb38b5ddd7b0de6bc61e55"},
    {file = "mypy-1.8.0-cp312-cp312-manylinux_2_17_x86_64.manylinux2014_x86_64.whl", hash = "sha256:afe3fe972c645b4632c563d3f3eff1cdca2fa058f730df2b93a35e3b0c538218"},
    {file = "mypy-1.8.0-cp312-cp312-musllinux_1_1_x86_64.whl", hash = "sha256:42c6680d256ab35637ef88891c6bd02514ccb7e1122133ac96055ff458f93fc3"},
    {file = "mypy-1.8.0-cp312-cp312-win_amd64.whl", hash = "sha256:720a5ca70e136b675af3af63db533c1c8c9181314d207568bbe79051f122669e"},
    {file = "mypy-1.8.0-cp38-cp38-macosx_10_9_x86_64.whl", hash = "sha256:028cf9f2cae89e202d7b6593cd98db6759379f17a319b5faf4f9978d7084cdc6"},
    {file = "mypy-1.8.0-cp38-cp38-macosx_11_0_arm64.whl", hash = "sha256:4e6d97288757e1ddba10dd9549ac27982e3e74a49d8d0179fc14d4365c7add66"},
    {file = "mypy-1.8.0-cp38-cp38-manylinux_2_17_x86_64.manylinux2014_x86_64.whl", hash = "sha256:7f1478736fcebb90f97e40aff11a5f253af890c845ee0c850fe80aa060a267c6"},
    {file = "mypy-1.8.0-cp38-cp38-musllinux_1_1_x86_64.whl", hash = "sha256:42419861b43e6962a649068a61f4a4839205a3ef525b858377a960b9e2de6e0d"},
    {file = "mypy-1.8.0-cp38-cp38-win_amd64.whl", hash = "sha256:2b5b6c721bd4aabaadead3a5e6fa85c11c6c795e0c81a7215776ef8afc66de02"},
    {file = "mypy-1.8.0-cp39-cp39-macosx_10_9_x86_64.whl", hash = "sha256:5c1538c38584029352878a0466f03a8ee7547d7bd9f641f57a0f3017a7c905b8"},
    {file = "mypy-1.8.0-cp39-cp39-macosx_11_0_arm64.whl", hash = "sha256:4ef4be7baf08a203170f29e89d79064463b7fc7a0908b9d0d5114e8009c3a259"},
    {file = "mypy-1.8.0-cp39-cp39-manylinux_2_17_x86_64.manylinux2014_x86_64.whl", hash = "sha256:7178def594014aa6c35a8ff411cf37d682f428b3b5617ca79029d8ae72f5402b"},
    {file = "mypy-1.8.0-cp39-cp39-musllinux_1_1_x86_64.whl", hash = "sha256:ab3c84fa13c04aeeeabb2a7f67a25ef5d77ac9d6486ff33ded762ef353aa5592"},
    {file = "mypy-1.8.0-cp39-cp39-win_amd64.whl", hash = "sha256:99b00bc72855812a60d253420d8a2eae839b0afa4938f09f4d2aa9bb4654263a"},
    {file = "mypy-1.8.0-py3-none-any.whl", hash = "sha256:538fd81bb5e430cc1381a443971c0475582ff9f434c16cd46d2c66763ce85d9d"},
    {file = "mypy-1.8.0.tar.gz", hash = "sha256:6ff8b244d7085a0b425b56d327b480c3b29cafbd2eff27316a004f9a7391ae07"},
]

[package.dependencies]
mypy-extensions = ">=1.0.0"
typing-extensions = ">=4.1.0"

[package.extras]
dmypy = ["psutil (>=4.0)"]
install-types = ["pip"]
mypyc = ["setuptools (>=50)"]
reports = ["lxml"]

[[package]]
name = "mypy-extensions"
version = "1.0.0"
description = "Type system extensions for programs checked with the mypy type checker."
optional = false
python-versions = ">=3.5"
files = [
    {file = "mypy_extensions-1.0.0-py3-none-any.whl", hash = "sha256:4392f6c0eb8a5668a69e23d168ffa70f0be9ccfd32b5cc2d26a34ae5b844552d"},
    {file = "mypy_extensions-1.0.0.tar.gz", hash = "sha256:75dbf8955dc00442a438fc4d0666508a9a97b6bd41aa2f0ffe9d2f2725af0782"},
]

[[package]]
name = "nodeenv"
version = "1.8.0"
description = "Node.js virtual environment builder"
optional = false
python-versions = ">=2.7,!=3.0.*,!=3.1.*,!=3.2.*,!=3.3.*,!=3.4.*,!=3.5.*,!=3.6.*"
files = [
    {file = "nodeenv-1.8.0-py2.py3-none-any.whl", hash = "sha256:df865724bb3c3adc86b3876fa209771517b0cfe596beff01a92700e0e8be4cec"},
    {file = "nodeenv-1.8.0.tar.gz", hash = "sha256:d51e0c37e64fbf47d017feac3145cdbb58836d7eee8c6f6d3b6880c5456227d2"},
]

[package.dependencies]
setuptools = "*"

[[package]]
name = "packaging"
version = "23.1"
description = "Core utilities for Python packages"
optional = false
python-versions = ">=3.7"
files = [
    {file = "packaging-23.1-py3-none-any.whl", hash = "sha256:994793af429502c4ea2ebf6bf664629d07c1a9fe974af92966e4b8d2df7edc61"},
    {file = "packaging-23.1.tar.gz", hash = "sha256:a392980d2b6cffa644431898be54b0045151319d1e7ec34f0cfed48767dd334f"},
]

[[package]]
name = "pathspec"
version = "0.11.1"
description = "Utility library for gitignore style pattern matching of file paths."
optional = false
python-versions = ">=3.7"
files = [
    {file = "pathspec-0.11.1-py3-none-any.whl", hash = "sha256:d8af70af76652554bd134c22b3e8a1cc46ed7d91edcdd721ef1a0c51a84a5293"},
    {file = "pathspec-0.11.1.tar.gz", hash = "sha256:2798de800fa92780e33acca925945e9a19a133b715067cf165b8866c15a31687"},
]

[[package]]
name = "platformdirs"
version = "3.8.0"
description = "A small Python package for determining appropriate platform-specific dirs, e.g. a \"user data dir\"."
optional = false
python-versions = ">=3.7"
files = [
    {file = "platformdirs-3.8.0-py3-none-any.whl", hash = "sha256:ca9ed98ce73076ba72e092b23d3c93ea6c4e186b3f1c3dad6edd98ff6ffcca2e"},
    {file = "platformdirs-3.8.0.tar.gz", hash = "sha256:b0cabcb11063d21a0b261d557acb0a9d2126350e63b70cdf7db6347baea456dc"},
]

[package.extras]
docs = ["furo (>=2023.5.20)", "proselint (>=0.13)", "sphinx (>=7.0.1)", "sphinx-autodoc-typehints (>=1.23,!=1.23.4)"]
test = ["appdirs (==1.4.4)", "covdefaults (>=2.3)", "pytest (>=7.3.1)", "pytest-cov (>=4.1)", "pytest-mock (>=3.10)"]

[[package]]
name = "pluggy"
version = "1.2.0"
description = "plugin and hook calling mechanisms for python"
optional = false
python-versions = ">=3.7"
files = [
    {file = "pluggy-1.2.0-py3-none-any.whl", hash = "sha256:c2fd55a7d7a3863cba1a013e4e2414658b1d07b6bc57b3919e0c63c9abb99849"},
    {file = "pluggy-1.2.0.tar.gz", hash = "sha256:d12f0c4b579b15f5e054301bb226ee85eeeba08ffec228092f8defbaa3a4c4b3"},
]

[package.extras]
dev = ["pre-commit", "tox"]
testing = ["pytest", "pytest-benchmark"]

[[package]]
name = "pre-commit"
version = "3.6.1"
description = "A framework for managing and maintaining multi-language pre-commit hooks."
optional = false
python-versions = ">=3.9"
files = [
    {file = "pre_commit-3.6.1-py2.py3-none-any.whl", hash = "sha256:9fe989afcf095d2c4796ce7c553cf28d4d4a9b9346de3cda079bcf40748454a4"},
    {file = "pre_commit-3.6.1.tar.gz", hash = "sha256:c90961d8aa706f75d60935aba09469a6b0bcb8345f127c3fbee4bdc5f114cf4b"},
]

[package.dependencies]
cfgv = ">=2.0.0"
identify = ">=1.0.0"
nodeenv = ">=0.11.1"
pyyaml = ">=5.1"
virtualenv = ">=20.10.0"

[[package]]
name = "pygame-ce"
version = "2.4.0"
description = "Python Game Development"
optional = false
python-versions = ">=3.8"
files = [
    {file = "pygame-ce-2.4.0.tar.gz", hash = "sha256:77f541a6113f3449fd18e252a80f8d57896a7f108a4adffb084d3e6920955bda"},
    {file = "pygame_ce-2.4.0-cp310-cp310-macosx_10_11_x86_64.whl", hash = "sha256:c4479efa766b5a10b41594778624bd6064667e38d25d652b5810f7ce7fb48e81"},
    {file = "pygame_ce-2.4.0-cp310-cp310-macosx_11_0_arm64.whl", hash = "sha256:1c5056dafb378ef866dded04e9058561dab371ffa47f9effd315827e2001a77e"},
    {file = "pygame_ce-2.4.0-cp310-cp310-manylinux_2_17_aarch64.manylinux2014_aarch64.whl", hash = "sha256:827e20492b2526abd4257026d80ecc7ecd78ce786f23c81e98e8bc4fc3ff0cfe"},
    {file = "pygame_ce-2.4.0-cp310-cp310-manylinux_2_17_i686.manylinux2014_i686.whl", hash = "sha256:f0cb4dd85a65254ee98dd6560c388b32b854cc9f7c5b0f534ec688187b6b2625"},
    {file = "pygame_ce-2.4.0-cp310-cp310-manylinux_2_17_x86_64.manylinux2014_x86_64.whl", hash = "sha256:0199108daeedf042a6e94012dff0f4c80b712cde836a6b90d18d60de179ed541"},
    {file = "pygame_ce-2.4.0-cp310-cp310-win32.whl", hash = "sha256:4d651ddbef71d23832ed4c41568385561ab36fbd4eb6b9b3ebdb80d7303ee867"},
    {file = "pygame_ce-2.4.0-cp310-cp310-win_amd64.whl", hash = "sha256:43b9dd6da3c9140c0a4e6548ea6a23ac8b525a3514eaabc77c260bf241b21464"},
    {file = "pygame_ce-2.4.0-cp311-cp311-macosx_10_11_x86_64.whl", hash = "sha256:64d102e68bb269708760e47f43a8db09b255d59817ffba09ab2b1736e3731794"},
    {file = "pygame_ce-2.4.0-cp311-cp311-macosx_11_0_arm64.whl", hash = "sha256:c25ee3abbfa1d98ec38e229fcc4abb182f6210a199da70149226f2afbc3be24a"},
    {file = "pygame_ce-2.4.0-cp311-cp311-manylinux_2_17_aarch64.manylinux2014_aarch64.whl", hash = "sha256:700682ef06555cef41b4d7b6c1d35e20291d109c076c96f1d68fa986899ae537"},
    {file = "pygame_ce-2.4.0-cp311-cp311-manylinux_2_17_i686.manylinux2014_i686.whl", hash = "sha256:283a8c1c4459570cead90d840f4656547fbbc39ed22e679265e8d20979c529be"},
    {file = "pygame_ce-2.4.0-cp311-cp311-manylinux_2_17_x86_64.manylinux2014_x86_64.whl", hash = "sha256:49fc2eee8ef5f6c868e4305c7020155d8c31fc85e54038f603922f6eb864bfb0"},
    {file = "pygame_ce-2.4.0-cp311-cp311-win32.whl", hash = "sha256:725ef1a66189da98ed9de3c641c49befd7ffbfab69b4bcc694713be712bca97d"},
    {file = "pygame_ce-2.4.0-cp311-cp311-win_amd64.whl", hash = "sha256:f7aa895aa55ba0eb19205aacd1d2e2155d1c512bd7834aa1fc22ec9f1c3cc24c"},
    {file = "pygame_ce-2.4.0-cp312-cp312-macosx_10_11_x86_64.whl", hash = "sha256:677e3685c20b7be02466dcbaf0446f3921f20d29c2ae33b9daed5b68896fcb38"},
    {file = "pygame_ce-2.4.0-cp312-cp312-macosx_11_0_arm64.whl", hash = "sha256:07d310253a4c57571f9bc43b10a4576967df18327efc7b789b9e9ee66eeeeb8d"},
    {file = "pygame_ce-2.4.0-cp312-cp312-manylinux_2_17_aarch64.manylinux2014_aarch64.whl", hash = "sha256:5f17d5ab192b875dbecdb48c01477a9c528d4f9b7f17faee1772d048286269b4"},
    {file = "pygame_ce-2.4.0-cp312-cp312-manylinux_2_17_i686.manylinux2014_i686.whl", hash = "sha256:2919e5db5e3e6019c95d8f7252b0d312015aa660c59eb1a3a3fe8c271bb4811a"},
    {file = "pygame_ce-2.4.0-cp312-cp312-manylinux_2_17_x86_64.manylinux2014_x86_64.whl", hash = "sha256:60bb12fdfad5f64becd0efbea82911de3d552090a068c472b3a820057bb1e251"},
    {file = "pygame_ce-2.4.0-cp312-cp312-win32.whl", hash = "sha256:a29f928a7be8168a132d082a8875bee45cf5c2b282c4502fc09810bb0d509636"},
    {file = "pygame_ce-2.4.0-cp312-cp312-win_amd64.whl", hash = "sha256:5bf059a78880c882123627dab28d86acf6abccf90474f6be30b2b13de408e138"},
    {file = "pygame_ce-2.4.0-cp38-cp38-macosx_10_11_x86_64.whl", hash = "sha256:643f433d3b219b626c9af4930a42a107ef8ac4889e2764efd52ad9226b0b49d7"},
    {file = "pygame_ce-2.4.0-cp38-cp38-macosx_11_0_arm64.whl", hash = "sha256:9faa2b3d884706527b26e3a6e7d6187a05c588a0a2ec69fd25d492ee5b63e03f"},
    {file = "pygame_ce-2.4.0-cp38-cp38-manylinux_2_17_aarch64.manylinux2014_aarch64.whl", hash = "sha256:024cd290b11d1bb6df7583233c7911a7567d67eb0bd42c0090a747415548ee2c"},
    {file = "pygame_ce-2.4.0-cp38-cp38-manylinux_2_17_i686.manylinux2014_i686.whl", hash = "sha256:ec7e1bebec921f65b7cfabe17bff4cf8d70dd7103331112d44a6e2fe70771332"},
    {file = "pygame_ce-2.4.0-cp38-cp38-manylinux_2_17_x86_64.manylinux2014_x86_64.whl", hash = "sha256:632c37761b85c0518b720d2c4fba6b486ffc80b7badc0737da369f495bca5d8b"},
    {file = "pygame_ce-2.4.0-cp38-cp38-win32.whl", hash = "sha256:f96fdd100a9c54640c6e0d1233a19135225a2b4d35e9462db9ebcb1915019b26"},
    {file = "pygame_ce-2.4.0-cp38-cp38-win_amd64.whl", hash = "sha256:bec8b4be887ec6bfbb198a17e42f1c62840c29c66b3c22434721bd3ea50a9165"},
    {file = "pygame_ce-2.4.0-cp39-cp39-macosx_10_11_x86_64.whl", hash = "sha256:aacffbe44dbac82b0c31a0fbdcc4853087c8c409bc243bc1d054450d8cf9dbec"},
    {file = "pygame_ce-2.4.0-cp39-cp39-macosx_11_0_arm64.whl", hash = "sha256:305017897717656cc2eba1027e6a722a702023cae30a87815a91528c9ece0a8a"},
    {file = "pygame_ce-2.4.0-cp39-cp39-manylinux_2_17_aarch64.manylinux2014_aarch64.whl", hash = "sha256:2e46d7208c360a4700a7297adae4309809b6306a801daf9ea0a67b16d59d40f5"},
    {file = "pygame_ce-2.4.0-cp39-cp39-manylinux_2_17_i686.manylinux2014_i686.whl", hash = "sha256:bdcb075a56ca31d7c3e253d325f288ec2a366d65adc0538efd53fc3a90578dbf"},
    {file = "pygame_ce-2.4.0-cp39-cp39-manylinux_2_17_x86_64.manylinux2014_x86_64.whl", hash = "sha256:be17c913f02b188e7f5238ba9985dade35875660832dffc7715552a90ea5a5d0"},
    {file = "pygame_ce-2.4.0-cp39-cp39-win32.whl", hash = "sha256:dd3cc7d2568bd84086456a7760180481acd0b24cb275e2941475cf02a6c9d93b"},
    {file = "pygame_ce-2.4.0-cp39-cp39-win_amd64.whl", hash = "sha256:8bb6bc7c101a60339264869f051884b415d8c98ac7c79e2aa657f7e94264d914"},
    {file = "pygame_ce-2.4.0-pp310-pypy310_pp73-macosx_10_11_x86_64.whl", hash = "sha256:2fc9d22b2864c4ece3867da10b87351598976b6f40d4fda48fddbd5d9444b10d"},
    {file = "pygame_ce-2.4.0-pp310-pypy310_pp73-manylinux_2_17_aarch64.manylinux2014_aarch64.whl", hash = "sha256:055ee0eaa0e3fca5b33d826489524e4fcd532b10ed581f82faa56d7a833e828c"},
    {file = "pygame_ce-2.4.0-pp310-pypy310_pp73-manylinux_2_17_i686.manylinux2014_i686.whl", hash = "sha256:d7a8b3bed582bd5c0aa93c63290a96e2004a0ec0c6d9449cdcd793c7c6de0b46"},
    {file = "pygame_ce-2.4.0-pp310-pypy310_pp73-manylinux_2_17_x86_64.manylinux2014_x86_64.whl", hash = "sha256:bef1eeab4569519d822a1bbfa3b9033f85c6c35784cd47bd2ad1b4f5f66c4cfb"},
    {file = "pygame_ce-2.4.0-pp310-pypy310_pp73-win_amd64.whl", hash = "sha256:c038c0d3d983688a7ce2a288bbeff7a8d6ddfa9081e38765dff70357bc2a0f50"},
    {file = "pygame_ce-2.4.0-pp38-pypy38_pp73-macosx_10_11_x86_64.whl", hash = "sha256:3c7302637414059a4cee168ed0120545e8746d69f069a1d056a1f87a76b3e8e3"},
    {file = "pygame_ce-2.4.0-pp38-pypy38_pp73-manylinux_2_17_aarch64.manylinux2014_aarch64.whl", hash = "sha256:16c93d5d330faaf06714d6dde71d42c6ccf1d443aa7c63cc69e83ec4b9463a7c"},
    {file = "pygame_ce-2.4.0-pp38-pypy38_pp73-manylinux_2_17_i686.manylinux2014_i686.whl", hash = "sha256:79ebbd40a862466f064d7ce0f05bbb0547038bcb822e5202453dcaab519d92ff"},
    {file = "pygame_ce-2.4.0-pp38-pypy38_pp73-manylinux_2_17_x86_64.manylinux2014_x86_64.whl", hash = "sha256:90138ba65950da9580f6509fb678112fbb260e6d38151de14b5ca0f915172d37"},
    {file = "pygame_ce-2.4.0-pp38-pypy38_pp73-win_amd64.whl", hash = "sha256:b5c2ba16c0f50896b17a4b27bcb749547d838dbabdf98e3a17ffbdc2afad0867"},
    {file = "pygame_ce-2.4.0-pp39-pypy39_pp73-macosx_10_11_x86_64.whl", hash = "sha256:54535a3cb56aee68263887d8703c8884f09c616329fed6026351cc9d12a51ddd"},
    {file = "pygame_ce-2.4.0-pp39-pypy39_pp73-manylinux_2_17_aarch64.manylinux2014_aarch64.whl", hash = "sha256:2434023717b24c338ff4d5e7355e86f606dd90b68cfa8a0583164658078f95cf"},
    {file = "pygame_ce-2.4.0-pp39-pypy39_pp73-manylinux_2_17_i686.manylinux2014_i686.whl", hash = "sha256:c50864f21849fb1bf5c7c68cb3fc83c9368246e038370aa140dacd4ac3e489a1"},
    {file = "pygame_ce-2.4.0-pp39-pypy39_pp73-manylinux_2_17_x86_64.manylinux2014_x86_64.whl", hash = "sha256:e47449dd73f8ec0cbf7527ef98d0d69f0b2b28cf911194c02dfe1a328e52bd12"},
    {file = "pygame_ce-2.4.0-pp39-pypy39_pp73-win_amd64.whl", hash = "sha256:025657410795a8a3c94d64efe35cad9a41c9a4dfb2196d459940014c8018fefc"},
]

[[package]]
name = "pytest"
version = "7.4.4"
description = "pytest: simple powerful testing with Python"
optional = false
python-versions = ">=3.7"
files = [
    {file = "pytest-7.4.4-py3-none-any.whl", hash = "sha256:b090cdf5ed60bf4c45261be03239c2c1c22df034fbffe691abe93cd80cea01d8"},
    {file = "pytest-7.4.4.tar.gz", hash = "sha256:2cf0005922c6ace4a3e2ec8b4080eb0d9753fdc93107415332f50ce9e7994280"},
]

[package.dependencies]
colorama = {version = "*", markers = "sys_platform == \"win32\""}
iniconfig = "*"
packaging = "*"
pluggy = ">=0.12,<2.0"

[package.extras]
testing = ["argcomplete", "attrs (>=19.2.0)", "hypothesis (>=3.56)", "mock", "nose", "pygments (>=2.7.2)", "requests", "setuptools", "xmlschema"]

[[package]]
name = "pyyaml"
version = "6.0"
description = "YAML parser and emitter for Python"
optional = false
python-versions = ">=3.6"
files = [
    {file = "PyYAML-6.0-cp310-cp310-macosx_10_9_x86_64.whl", hash = "sha256:d4db7c7aef085872ef65a8fd7d6d09a14ae91f691dec3e87ee5ee0539d516f53"},
    {file = "PyYAML-6.0-cp310-cp310-macosx_11_0_arm64.whl", hash = "sha256:9df7ed3b3d2e0ecfe09e14741b857df43adb5a3ddadc919a2d94fbdf78fea53c"},
    {file = "PyYAML-6.0-cp310-cp310-manylinux_2_17_aarch64.manylinux2014_aarch64.whl", hash = "sha256:77f396e6ef4c73fdc33a9157446466f1cff553d979bd00ecb64385760c6babdc"},
    {file = "PyYAML-6.0-cp310-cp310-manylinux_2_17_s390x.manylinux2014_s390x.whl", hash = "sha256:a80a78046a72361de73f8f395f1f1e49f956c6be882eed58505a15f3e430962b"},
    {file = "PyYAML-6.0-cp310-cp310-manylinux_2_5_x86_64.manylinux1_x86_64.manylinux_2_12_x86_64.manylinux2010_x86_64.whl", hash = "sha256:f84fbc98b019fef2ee9a1cb3ce93e3187a6df0b2538a651bfb890254ba9f90b5"},
    {file = "PyYAML-6.0-cp310-cp310-win32.whl", hash = "sha256:2cd5df3de48857ed0544b34e2d40e9fac445930039f3cfe4bcc592a1f836d513"},
    {file = "PyYAML-6.0-cp310-cp310-win_amd64.whl", hash = "sha256:daf496c58a8c52083df09b80c860005194014c3698698d1a57cbcfa182142a3a"},
    {file = "PyYAML-6.0-cp311-cp311-macosx_10_9_x86_64.whl", hash = "sha256:d4b0ba9512519522b118090257be113b9468d804b19d63c71dbcf4a48fa32358"},
    {file = "PyYAML-6.0-cp311-cp311-macosx_11_0_arm64.whl", hash = "sha256:81957921f441d50af23654aa6c5e5eaf9b06aba7f0a19c18a538dc7ef291c5a1"},
    {file = "PyYAML-6.0-cp311-cp311-manylinux_2_17_aarch64.manylinux2014_aarch64.whl", hash = "sha256:afa17f5bc4d1b10afd4466fd3a44dc0e245382deca5b3c353d8b757f9e3ecb8d"},
    {file = "PyYAML-6.0-cp311-cp311-manylinux_2_17_s390x.manylinux2014_s390x.whl", hash = "sha256:dbad0e9d368bb989f4515da330b88a057617d16b6a8245084f1b05400f24609f"},
    {file = "PyYAML-6.0-cp311-cp311-manylinux_2_17_x86_64.manylinux2014_x86_64.whl", hash = "sha256:432557aa2c09802be39460360ddffd48156e30721f5e8d917f01d31694216782"},
    {file = "PyYAML-6.0-cp311-cp311-win32.whl", hash = "sha256:bfaef573a63ba8923503d27530362590ff4f576c626d86a9fed95822a8255fd7"},
    {file = "PyYAML-6.0-cp311-cp311-win_amd64.whl", hash = "sha256:01b45c0191e6d66c470b6cf1b9531a771a83c1c4208272ead47a3ae4f2f603bf"},
    {file = "PyYAML-6.0-cp36-cp36m-macosx_10_9_x86_64.whl", hash = "sha256:897b80890765f037df3403d22bab41627ca8811ae55e9a722fd0392850ec4d86"},
    {file = "PyYAML-6.0-cp36-cp36m-manylinux_2_17_aarch64.manylinux2014_aarch64.whl", hash = "sha256:50602afada6d6cbfad699b0c7bb50d5ccffa7e46a3d738092afddc1f9758427f"},
    {file = "PyYAML-6.0-cp36-cp36m-manylinux_2_17_s390x.manylinux2014_s390x.whl", hash = "sha256:48c346915c114f5fdb3ead70312bd042a953a8ce5c7106d5bfb1a5254e47da92"},
    {file = "PyYAML-6.0-cp36-cp36m-manylinux_2_5_x86_64.manylinux1_x86_64.manylinux_2_12_x86_64.manylinux2010_x86_64.whl", hash = "sha256:98c4d36e99714e55cfbaaee6dd5badbc9a1ec339ebfc3b1f52e293aee6bb71a4"},
    {file = "PyYAML-6.0-cp36-cp36m-win32.whl", hash = "sha256:0283c35a6a9fbf047493e3a0ce8d79ef5030852c51e9d911a27badfde0605293"},
    {file = "PyYAML-6.0-cp36-cp36m-win_amd64.whl", hash = "sha256:07751360502caac1c067a8132d150cf3d61339af5691fe9e87803040dbc5db57"},
    {file = "PyYAML-6.0-cp37-cp37m-macosx_10_9_x86_64.whl", hash = "sha256:819b3830a1543db06c4d4b865e70ded25be52a2e0631ccd2f6a47a2822f2fd7c"},
    {file = "PyYAML-6.0-cp37-cp37m-manylinux_2_17_aarch64.manylinux2014_aarch64.whl", hash = "sha256:473f9edb243cb1935ab5a084eb238d842fb8f404ed2193a915d1784b5a6b5fc0"},
    {file = "PyYAML-6.0-cp37-cp37m-manylinux_2_17_s390x.manylinux2014_s390x.whl", hash = "sha256:0ce82d761c532fe4ec3f87fc45688bdd3a4c1dc5e0b4a19814b9009a29baefd4"},
    {file = "PyYAML-6.0-cp37-cp37m-manylinux_2_5_x86_64.manylinux1_x86_64.manylinux_2_12_x86_64.manylinux2010_x86_64.whl", hash = "sha256:231710d57adfd809ef5d34183b8ed1eeae3f76459c18fb4a0b373ad56bedcdd9"},
    {file = "PyYAML-6.0-cp37-cp37m-win32.whl", hash = "sha256:c5687b8d43cf58545ade1fe3e055f70eac7a5a1a0bf42824308d868289a95737"},
    {file = "PyYAML-6.0-cp37-cp37m-win_amd64.whl", hash = "sha256:d15a181d1ecd0d4270dc32edb46f7cb7733c7c508857278d3d378d14d606db2d"},
    {file = "PyYAML-6.0-cp38-cp38-macosx_10_9_x86_64.whl", hash = "sha256:0b4624f379dab24d3725ffde76559cff63d9ec94e1736b556dacdfebe5ab6d4b"},
    {file = "PyYAML-6.0-cp38-cp38-manylinux_2_17_aarch64.manylinux2014_aarch64.whl", hash = "sha256:213c60cd50106436cc818accf5baa1aba61c0189ff610f64f4a3e8c6726218ba"},
    {file = "PyYAML-6.0-cp38-cp38-manylinux_2_17_s390x.manylinux2014_s390x.whl", hash = "sha256:9fa600030013c4de8165339db93d182b9431076eb98eb40ee068700c9c813e34"},
    {file = "PyYAML-6.0-cp38-cp38-manylinux_2_5_x86_64.manylinux1_x86_64.manylinux_2_12_x86_64.manylinux2010_x86_64.whl", hash = "sha256:277a0ef2981ca40581a47093e9e2d13b3f1fbbeffae064c1d21bfceba2030287"},
    {file = "PyYAML-6.0-cp38-cp38-win32.whl", hash = "sha256:d4eccecf9adf6fbcc6861a38015c2a64f38b9d94838ac1810a9023a0609e1b78"},
    {file = "PyYAML-6.0-cp38-cp38-win_amd64.whl", hash = "sha256:1e4747bc279b4f613a09eb64bba2ba602d8a6664c6ce6396a4d0cd413a50ce07"},
    {file = "PyYAML-6.0-cp39-cp39-macosx_10_9_x86_64.whl", hash = "sha256:055d937d65826939cb044fc8c9b08889e8c743fdc6a32b33e2390f66013e449b"},
    {file = "PyYAML-6.0-cp39-cp39-macosx_11_0_arm64.whl", hash = "sha256:e61ceaab6f49fb8bdfaa0f92c4b57bcfbea54c09277b1b4f7ac376bfb7a7c174"},
    {file = "PyYAML-6.0-cp39-cp39-manylinux_2_17_aarch64.manylinux2014_aarch64.whl", hash = "sha256:d67d839ede4ed1b28a4e8909735fc992a923cdb84e618544973d7dfc71540803"},
    {file = "PyYAML-6.0-cp39-cp39-manylinux_2_17_s390x.manylinux2014_s390x.whl", hash = "sha256:cba8c411ef271aa037d7357a2bc8f9ee8b58b9965831d9e51baf703280dc73d3"},
    {file = "PyYAML-6.0-cp39-cp39-manylinux_2_5_x86_64.manylinux1_x86_64.manylinux_2_12_x86_64.manylinux2010_x86_64.whl", hash = "sha256:40527857252b61eacd1d9af500c3337ba8deb8fc298940291486c465c8b46ec0"},
    {file = "PyYAML-6.0-cp39-cp39-win32.whl", hash = "sha256:b5b9eccad747aabaaffbc6064800670f0c297e52c12754eb1d976c57e4f74dcb"},
    {file = "PyYAML-6.0-cp39-cp39-win_amd64.whl", hash = "sha256:b3d267842bf12586ba6c734f89d1f5b871df0273157918b0ccefa29deb05c21c"},
    {file = "PyYAML-6.0.tar.gz", hash = "sha256:68fb519c14306fec9720a2a5b45bc9f0c8d1b9c72adf45c37baedfcd949c35a2"},
]

[[package]]
name = "ruff"
version = "0.1.14"
description = "An extremely fast Python linter and code formatter, written in Rust."
optional = false
python-versions = ">=3.7"
files = [
    {file = "ruff-0.1.14-py3-none-macosx_10_12_x86_64.macosx_11_0_arm64.macosx_10_12_universal2.whl", hash = "sha256:96f76536df9b26622755c12ed8680f159817be2f725c17ed9305b472a757cdbb"},
    {file = "ruff-0.1.14-py3-none-macosx_10_12_x86_64.whl", hash = "sha256:ab3f71f64498c7241123bb5a768544cf42821d2a537f894b22457a543d3ca7a9"},
    {file = "ruff-0.1.14-py3-none-manylinux_2_17_aarch64.manylinux2014_aarch64.whl", hash = "sha256:7060156ecc572b8f984fd20fd8b0fcb692dd5d837b7606e968334ab7ff0090ab"},
    {file = "ruff-0.1.14-py3-none-manylinux_2_17_armv7l.manylinux2014_armv7l.whl", hash = "sha256:a53d8e35313d7b67eb3db15a66c08434809107659226a90dcd7acb2afa55faea"},
    {file = "ruff-0.1.14-py3-none-manylinux_2_17_i686.manylinux2014_i686.whl", hash = "sha256:bea9be712b8f5b4ebed40e1949379cfb2a7d907f42921cf9ab3aae07e6fba9eb"},
    {file = "ruff-0.1.14-py3-none-manylinux_2_17_ppc64.manylinux2014_ppc64.whl", hash = "sha256:2270504d629a0b064247983cbc495bed277f372fb9eaba41e5cf51f7ba705a6a"},
    {file = "ruff-0.1.14-py3-none-manylinux_2_17_ppc64le.manylinux2014_ppc64le.whl", hash = "sha256:80258bb3b8909b1700610dfabef7876423eed1bc930fe177c71c414921898efa"},
    {file = "ruff-0.1.14-py3-none-manylinux_2_17_s390x.manylinux2014_s390x.whl", hash = "sha256:653230dd00aaf449eb5ff25d10a6e03bc3006813e2cb99799e568f55482e5cae"},
    {file = "ruff-0.1.14-py3-none-manylinux_2_17_x86_64.manylinux2014_x86_64.whl", hash = "sha256:87b3acc6c4e6928459ba9eb7459dd4f0c4bf266a053c863d72a44c33246bfdbf"},
    {file = "ruff-0.1.14-py3-none-musllinux_1_2_aarch64.whl", hash = "sha256:6b3dadc9522d0eccc060699a9816e8127b27addbb4697fc0c08611e4e6aeb8b5"},
    {file = "ruff-0.1.14-py3-none-musllinux_1_2_armv7l.whl", hash = "sha256:1c8eca1a47b4150dc0fbec7fe68fc91c695aed798532a18dbb1424e61e9b721f"},
    {file = "ruff-0.1.14-py3-none-musllinux_1_2_i686.whl", hash = "sha256:62ce2ae46303ee896fc6811f63d6dabf8d9c389da0f3e3f2bce8bc7f15ef5488"},
    {file = "ruff-0.1.14-py3-none-musllinux_1_2_x86_64.whl", hash = "sha256:b2027dde79d217b211d725fc833e8965dc90a16d0d3213f1298f97465956661b"},
    {file = "ruff-0.1.14-py3-none-win32.whl", hash = "sha256:722bafc299145575a63bbd6b5069cb643eaa62546a5b6398f82b3e4403329cab"},
    {file = "ruff-0.1.14-py3-none-win_amd64.whl", hash = "sha256:e3d241aa61f92b0805a7082bd89a9990826448e4d0398f0e2bc8f05c75c63d99"},
    {file = "ruff-0.1.14-py3-none-win_arm64.whl", hash = "sha256:269302b31ade4cde6cf6f9dd58ea593773a37ed3f7b97e793c8594b262466b67"},
    {file = "ruff-0.1.14.tar.gz", hash = "sha256:ad3f8088b2dfd884820289a06ab718cde7d38b94972212cc4ba90d5fbc9955f3"},
]

[[package]]
name = "setuptools"
version = "68.0.0"
description = "Easily download, build, install, upgrade, and uninstall Python packages"
optional = false
python-versions = ">=3.7"
files = [
    {file = "setuptools-68.0.0-py3-none-any.whl", hash = "sha256:11e52c67415a381d10d6b462ced9cfb97066179f0e871399e006c4ab101fc85f"},
    {file = "setuptools-68.0.0.tar.gz", hash = "sha256:baf1fdb41c6da4cd2eae722e135500da913332ab3f2f5c7d33af9b492acb5235"},
]

[package.extras]
docs = ["furo", "jaraco.packaging (>=9)", "jaraco.tidelift (>=1.4)", "pygments-github-lexers (==0.0.5)", "rst.linker (>=1.9)", "sphinx (>=3.5)", "sphinx-favicon", "sphinx-hoverxref (<2)", "sphinx-inline-tabs", "sphinx-lint", "sphinx-notfound-page (==0.8.3)", "sphinx-reredirects", "sphinxcontrib-towncrier"]
testing = ["build[virtualenv]", "filelock (>=3.4.0)", "flake8-2020", "ini2toml[lite] (>=0.9)", "jaraco.envs (>=2.2)", "jaraco.path (>=3.2.0)", "pip (>=19.1)", "pip-run (>=8.8)", "pytest (>=6)", "pytest-black (>=0.3.7)", "pytest-checkdocs (>=2.4)", "pytest-cov", "pytest-enabler (>=1.3)", "pytest-mypy (>=0.9.1)", "pytest-perf", "pytest-ruff", "pytest-timeout", "pytest-xdist", "tomli-w (>=1.0.0)", "virtualenv (>=13.0.0)", "wheel"]
testing-integration = ["build[virtualenv]", "filelock (>=3.4.0)", "jaraco.envs (>=2.2)", "jaraco.path (>=3.2.0)", "pytest", "pytest-enabler", "pytest-xdist", "tomli", "virtualenv (>=13.0.0)", "wheel"]

[[package]]
name = "typing-extensions"
version = "4.7.1"
description = "Backported and Experimental Type Hints for Python 3.7+"
optional = false
python-versions = ">=3.7"
files = [
    {file = "typing_extensions-4.7.1-py3-none-any.whl", hash = "sha256:440d5dd3af93b060174bf433bccd69b0babc3b15b1a8dca43789fd7f61514b36"},
    {file = "typing_extensions-4.7.1.tar.gz", hash = "sha256:b75ddc264f0ba5615db7ba217daeb99701ad295353c45f9e95963337ceeeffb2"},
]

[[package]]
name = "virtualenv"
version = "20.23.1"
description = "Virtual Python Environment builder"
optional = false
python-versions = ">=3.7"
files = [
    {file = "virtualenv-20.23.1-py3-none-any.whl", hash = "sha256:34da10f14fea9be20e0fd7f04aba9732f84e593dac291b757ce42e3368a39419"},
    {file = "virtualenv-20.23.1.tar.gz", hash = "sha256:8ff19a38c1021c742148edc4f81cb43d7f8c6816d2ede2ab72af5b84c749ade1"},
]

[package.dependencies]
distlib = ">=0.3.6,<1"
filelock = ">=3.12,<4"
platformdirs = ">=3.5.1,<4"

[package.extras]
docs = ["furo (>=2023.5.20)", "proselint (>=0.13)", "sphinx (>=7.0.1)", "sphinx-argparse (>=0.4)", "sphinxcontrib-towncrier (>=0.2.1a0)", "towncrier (>=23.6)"]
test = ["covdefaults (>=2.3)", "coverage (>=7.2.7)", "coverage-enable-subprocess (>=1)", "flaky (>=3.7)", "packaging (>=23.1)", "pytest (>=7.3.1)", "pytest-env (>=0.8.1)", "pytest-freezer (>=0.4.6)", "pytest-mock (>=3.10)", "pytest-randomly (>=3.12)", "pytest-timeout (>=2.1)", "setuptools (>=67.8)", "time-machine (>=2.9)"]

[metadata]
lock-version = "2.0"
python-versions = "^3.11"
content-hash = "bf88d1d6880ce04f20cee45013b1fd9ba8e36536efc349129b8995f96a9f8ca5"
